GIT
  remote: git://github.com/siteleaf/siteleaf-gem.git
  revision: c74d5ab0fffa5124ea4dc69c6575824f6a0d011e
  branch: 2.0.0.pre
  specs:
    siteleaf (2.0.0.pre.beta8)
      httmultiparty (>= 0.3.13)
      httparty (>= 0.13.3)
      psych (= 2.0.8)
      rack

GEM
  remote: https://rubygems.org/
  specs:
    colorator (0.1)
    ffi (1.9.10)
    httmultiparty (0.3.16)
      httparty (>= 0.7.3)
      mimemagic
      multipart-post
    httparty (0.13.7)
      json (~> 1.8)
      multi_xml (>= 0.5.2)
    jekyll (3.0.0.pre.beta8)
      colorator (~> 0.1)
      jekyll-sass-converter (~> 1.0)
      jekyll-watch (~> 1.1)
      kramdown (~> 1.3)
      liquid (~> 3.0)
      mercenary (~> 0.3.3)
      rouge (~> 1.7)
      safe_yaml (~> 1.0)
    jekyll-sass-converter (1.3.0)
      sass (~> 3.2)
    jekyll-watch (1.3.0)
      listen (~> 3.0)
    json (1.8.3)
    kramdown (1.9.0)
    liquid (3.0.6)
    listen (3.0.3)
      rb-fsevent (>= 0.9.3)
      rb-inotify (>= 0.9)
    mercenary (0.3.5)
    mimemagic (0.3.0)
    multi_xml (0.5.5)
    multipart-post (2.0.0)
    psych (2.0.8)
    rack (1.6.4)
    rb-fsevent (0.9.6)
    rb-inotify (0.9.5)
      ffi (>= 0.5.0)
    rouge (1.10.1)
    safe_yaml (1.0.4)
    sass (3.4.19)

PLATFORMS
  ruby

DEPENDENCIES
  jekyll (= 3.0.0.pre.beta8)
  siteleaf!

BUNDLED WITH
   1.10.6
